# This file is autogenerated, do not edit; changes may be undone by the next 'dep ensure'.


[[projects]]
  digest = "1:bd285ec20a7450d2272631284de698f2d76e923a458fee90e99cc1db4b97708d"
  name = "github.com/DataDog/datadog-go"
  packages = ["statsd"]
  pruneopts = "UT"
  revision = "e67964b4021ad3a334e748e8811eb3cd6becbc6e"
  version = "2.1.0"

[[projects]]
  branch = "master"
  digest = "1:f89bfdae18f08242bd635298abd6546fdfdec66e7e8eee96dac32e531033e235"
  name = "github.com/j-vizcaino/goteleinfo"
  packages = ["."]
  pruneopts = "UT"
  revision = "b26658d7115b18eccc16d1f07878d1f3a93e8fb5"

[[projects]]
  digest = "1:d867dfa6751c8d7a435821ad3b736310c2ed68945d05b50fb9d23aee0540c8cc"
  name = "github.com/sirupsen/logrus"
  packages = ["."]
  pruneopts = "UT"
  revision = "3e01752db0189b9157070a0e1668a620f9a85da2"
  version = "v1.0.6"

[[projects]]
  branch = "master"
  digest = "1:b9b666a56e920eaa59ffea0d25a9b848d7073be13689c4a29d04e4a0f548a031"
  name = "github.com/tarm/serial"
  packages = ["."]
  pruneopts = "UT"
  revision = "eaafced92e9619f03c72527efeab21e326f3bc36"

[[projects]]
  branch = "master"
  digest = "1:3f3a05ae0b95893d90b9b3b5afdb79a9b3d96e4e36e099d841ae602e4aca0da8"
  name = "golang.org/x/crypto"
  packages = ["ssh/terminal"]
  pruneopts = "UT"
  revision = "a2144134853fc9a27a7b1e3eb4f19f1a76df13c9"

[[projects]]
  branch = "master"
  digest = "1:72d6244a51be9611f08994aca19677fcc31676b3e7b742c37e129e6ece4ad8fc"
  name = "golang.org/x/sys"
  packages = [
    "unix",
    "windows",
  ]
  pruneopts = "UT"
  revision = "ac767d655b305d4e9612f5f6e33120b9176c4ad4"

[solve-meta]
  analyzer-name = "dep"
  analyzer-version = 1
  input-imports = [
    "github.com/DataDog/datadog-go/statsd",
    "github.com/j-vizcaino/goteleinfo",
    "github.com/sirupsen/logrus",
  ]
  solver-name = "gps-cdcl"
  solver-version = 1
